
Microsoft Visual Studio Solution File, Format Version 12.00
# Visual Studio Version 16
VisualStudioVersion = 16.0.31005.135
MinimumVisualStudioVersion = 10.0.40219.1
Project("{FAE04EC0-301F-11D3-BF4B-00C04F79EFBC}") = "Client", "Client\Client.csproj", "{267403A6-CB29-4E94-8161-BA4876B7438B}"
EndProject
Global
	GlobalSection(SolutionConfigurationPlatforms) = preSolution
		Debug|Any CPU = Debug|Any CPU
		Release|Any CPU = Release|Any CPU
	EndGlobalSection
	GlobalSection(ProjectConfigurationPlatforms) = postSolution
		{267403A6-CB29-4E94-8161-BA4876B7438B}.Debug|Any CPU.ActiveCfg = Debug|Any CPU
		{267403A6-CB29-4E94-8161-BA4876B7438B}.Debug|Any CPU.Build.0 = Debug|Any CPU
		{267403A6-CB29-4E94-8161-BA4876B7438B}.Release|Any CPU.ActiveCfg = Release|Any CPU
		{267403A6-CB29-4E94-8161-BA4876B7438B}.Release|Any CPU.Build.0 = Release|Any CPU
	EndGlobalSection
	GlobalSection(SolutionProperties) = preSolution
		HideSolutionNode = FALSE
	EndGlobalSection
	GlobalSection(ExtensibilityGlobals) = postSolution
		SolutionGuid = {76221037-A0E9-49EB-852B-8951D3D07C42}
	EndGlobalSection
EndGlobal
